
Microsoft Visual Studio Solution File, Format Version 12.00
# Visual Studio 15
Project("{FAE04EC0-301F-11D3-BF4B-00C04F79EFBC}") = "Unity.Timeline", "Unity.Timeline.csproj", "{31A2B6D9-4156-9060-5F27-B26C44641BC6}"
EndProject
Project("{FAE04EC0-301F-11D3-BF4B-00C04F79EFBC}") = "Unity.Timeline.Editor", "Unity.Timeline.Editor.csproj", "{D5980C95-D0A3-A48F-D067-539591E42A0C}"
EndProject
Project("{FAE04EC0-301F-11D3-BF4B-00C04F79EFBC}") = "Unity.PlasticSCM.Editor", "Unity.PlasticSCM.Editor.csproj", "{7E1CF649-CDA7-F4CD-8FB5-8447AF760285}"
EndProject
Project("{FAE04EC0-301F-11D3-BF4B-00C04F79EFBC}") = "Unity.TextMeshPro.Editor", "Unity.TextMeshPro.Editor.csproj", "{3D79CFA8-D0A5-7B59-87B2-C00F2DD6AD45}"
EndProject
Project("{FAE04EC0-301F-11D3-BF4B-00C04F79EFBC}") = "Unity.VisualScripting.Flow", "Unity.VisualScripting.Flow.csproj", "{D72DFACC-7E6A-BEDA-12C8-8FDCB42E2E48}"
EndProject
Project("{FAE04EC0-301F-11D3-BF4B-00C04F79EFBC}") = "UnityEditor.UI", "UnityEditor.UI.csproj", "{5D44D6B7-AFE8-7DF3-72AF-78349797D90E}"
EndProject
Project("{FAE04EC0-301F-11D3-BF4B-00C04F79EFBC}") = "Unity.ProBuilder", "Unity.ProBuilder.csproj", "{BBC8D6C7-73FC-AC32-A602-9D33C6E71A8B}"
EndProject
Project("{FAE04EC0-301F-11D3-BF4B-00C04F79EFBC}") = "Unity.ProBuilder.Editor", "Unity.ProBuilder.Editor.csproj", "{BA68A3A1-D2C0-A641-7DEF-BE4A53C2AEEC}"
EndProject
Project("{FAE04EC0-301F-11D3-BF4B-00C04F79EFBC}") = "Unity.VisualScripting.Core", "Unity.VisualScripting.Core.csproj", "{50953E24-8BCB-B232-A9A4-7B3795EAEB4E}"
EndProject
Project("{FAE04EC0-301F-11D3-BF4B-00C04F79EFBC}") = "Unity.VisualScripting.Core.Editor", "Unity.VisualScripting.Core.Editor.csproj", "{67ABA5AA-09D1-05D3-1E51-C8D1A7A5BD72}"
EndProject
Project("{FAE04EC0-301F-11D3-BF4B-00C04F79EFBC}") = "Unity.VisualScripting.Flow.Editor", "Unity.VisualScripting.Flow.Editor.csproj", "{CD9AF10A-F6BD-D076-AC8E-26A739EEA7FC}"
EndProject
Project("{FAE04EC0-301F-11D3-BF4B-00C04F79EFBC}") = "UnityEditor.TestRunner", "UnityEditor.TestRunner.csproj", "{3A76A8DF-98FC-1160-3587-75782DE9F606}"
EndProject
Project("{FAE04EC0-301F-11D3-BF4B-00C04F79EFBC}") = "Unity.ProBuilder.Poly2Tri", "Unity.ProBuilder.Poly2Tri.csproj", "{7B9D1343-B95A-0CFF-A438-25A652C95667}"
EndProject
Project("{FAE04EC0-301F-11D3-BF4B-00C04F79EFBC}") = "Unity.VisualScripting.SettingsProvider.Editor", "Unity.VisualScripting.SettingsProvider.Editor.csproj", "{5FAEC242-4707-8329-E71B-EB80F2B0D534}"
EndProject
Project("{FAE04EC0-301F-11D3-BF4B-00C04F79EFBC}") = "UnityEngine.TestRunner", "UnityEngine.TestRunner.csproj", "{C2865526-22F0-0450-9235-5D50426DC94C}"
EndProject
Project("{FAE04EC0-301F-11D3-BF4B-00C04F79EFBC}") = "UnityEngine.UI", "UnityEngine.UI.csproj", "{B5FA3BEA-75F5-2AE4-392B-E51A99522407}"
EndProject
Project("{FAE04EC0-301F-11D3-BF4B-00C04F79EFBC}") = "Unity.ProBuilder.Csg", "Unity.ProBuilder.Csg.csproj", "{B00EEEFE-2089-1814-FE72-A38138BED89D}"
EndProject
Project("{FAE04EC0-301F-11D3-BF4B-00C04F79EFBC}") = "Unity.VisualStudio.Editor", "Unity.VisualStudio.Editor.csproj", "{101E18BD-4120-EF83-45CC-B9903E91E313}"
EndProject
Project("{FAE04EC0-301F-11D3-BF4B-00C04F79EFBC}") = "Assembly-CSharp", "Assembly-CSharp.csproj", "{435F8721-5826-5EFE-669F-E96ABA1CF36F}"
EndProject
Project("{FAE04EC0-301F-11D3-BF4B-00C04F79EFBC}") = "Unity.TestTools.CodeCoverage.Editor.OpenCover.Model", "Unity.TestTools.CodeCoverage.Editor.OpenCover.Model.csproj", "{5C208F84-0A78-A916-22DE-29E4E4A3C97D}"
EndProject
Project("{FAE04EC0-301F-11D3-BF4B-00C04F79EFBC}") = "Unity.Rider.Editor", "Unity.Rider.Editor.csproj", "{6BAF2B71-78D1-8B17-01AD-0D303C96D32A}"
EndProject
Project("{FAE04EC0-301F-11D3-BF4B-00C04F79EFBC}") = "Unity.CollabProxy.Editor", "Unity.CollabProxy.Editor.csproj", "{B6BB1137-2D4B-C387-2C4B-7EFB64BE5C34}"
EndProject
Project("{FAE04EC0-301F-11D3-BF4B-00C04F79EFBC}") = "Unity.VisualScripting.State.Editor", "Unity.VisualScripting.State.Editor.csproj", "{64B645B5-BE74-C3BD-1270-2F73E2E65861}"
EndProject
Project("{FAE04EC0-301F-11D3-BF4B-00C04F79EFBC}") = "Unity.TestTools.CodeCoverage.Editor", "Unity.TestTools.CodeCoverage.Editor.csproj", "{112C2DA7-56FB-BED0-1281-4015815672CC}"
EndProject
Project("{FAE04EC0-301F-11D3-BF4B-00C04F79EFBC}") = "Unity.VisualScripting.State", "Unity.VisualScripting.State.csproj", "{4B4DB6A3-1DEF-41C0-86E7-3431B6AE10C9}"
EndProject
Project("{FAE04EC0-301F-11D3-BF4B-00C04F79EFBC}") = "Unity.TextMeshPro", "Unity.TextMeshPro.csproj", "{A6EB7C8D-D1E7-EF91-C8C8-2D9AE0DC08D9}"
EndProject
Project("{FAE04EC0-301F-11D3-BF4B-00C04F79EFBC}") = "Unity.Performance.Profile-Analyzer.Editor", "Unity.Performance.Profile-Analyzer.Editor.csproj", "{F0384F1C-BF6C-D578-D0B4-A0AEB276D60F}"
EndProject
Project("{FAE04EC0-301F-11D3-BF4B-00C04F79EFBC}") = "Unity.VSCode.Editor", "Unity.VSCode.Editor.csproj", "{F0D9617C-2E6F-4B5E-AB9F-66D6424A3B33}"
EndProject
Project("{FAE04EC0-301F-11D3-BF4B-00C04F79EFBC}") = "Unity.TestTools.CodeCoverage.Editor.OpenCover.Mono.Reflection", "Unity.TestTools.CodeCoverage.Editor.OpenCover.Mono.Reflection.csproj", "{FC47E981-C314-1099-BBB3-1B4B05B86C9A}"
EndProject
Project("{FAE04EC0-301F-11D3-BF4B-00C04F79EFBC}") = "Unity.ProBuilder.Stl", "Unity.ProBuilder.Stl.csproj", "{0D9568F6-2BDA-BD09-9018-FCDE298450D1}"
EndProject
Project("{FAE04EC0-301F-11D3-BF4B-00C04F79EFBC}") = "Unity.Settings.Editor", "Unity.Settings.Editor.csproj", "{DEA205A8-00FB-A8E9-7A95-68BF31F6C99B}"
EndProject
Project("{FAE04EC0-301F-11D3-BF4B-00C04F79EFBC}") = "Unity.ProBuilder.AssetIdRemapUtility", "Unity.ProBuilder.AssetIdRemapUtility.csproj", "{E1C879C8-9D32-65E7-75A3-6F105097688C}"
EndProject
Project("{FAE04EC0-301F-11D3-BF4B-00C04F79EFBC}") = "Unity.ProBuilder.KdTree", "Unity.ProBuilder.KdTree.csproj", "{9681630D-FD98-3C06-BE7A-7FE6B0D1B93C}"
EndProject
Project("{FAE04EC0-301F-11D3-BF4B-00C04F79EFBC}") = "Unity.ProBuilder.AddOns.Editor", "Unity.ProBuilder.AddOns.Editor.csproj", "{37033DF8-E0CD-7D5E-1878-D8AC7D206F98}"
EndProject
Project("{FAE04EC0-301F-11D3-BF4B-00C04F79EFBC}") = "Unity.EditorCoroutines.Editor", "Unity.EditorCoroutines.Editor.csproj", "{120DC76F-36C2-3EBA-9178-71225DF55A2F}"
EndProject
Project("{FAE04EC0-301F-11D3-BF4B-00C04F79EFBC}") = "Unity.VisualScripting.Shared.Editor", "Unity.VisualScripting.Shared.Editor.csproj", "{28D355AE-A4AA-FE2F-C8E2-94964CCBB09C}"
EndProject
Project("{FAE04EC0-301F-11D3-BF4B-00C04F79EFBC}") = "Unity.PlasticSCM.Editor.Entities", "Unity.PlasticSCM.Editor.Entities.csproj", "{00A3D795-409F-59B4-0C3A-662899E2A38E}"
EndProject
Global
	GlobalSection(SolutionConfigurationPlatforms) = preSolution
		Debug|Any CPU = Debug|Any CPU
		Release|Any CPU = Release|Any CPU
	EndGlobalSection
	GlobalSection(ProjectConfigurationPlatforms) = postSolution
		{31A2B6D9-4156-9060-5F27-B26C44641BC6}.Debug|Any CPU.ActiveCfg = Debug|Any CPU
		{31A2B6D9-4156-9060-5F27-B26C44641BC6}.Debug|Any CPU.Build.0 = Debug|Any CPU
		{31A2B6D9-4156-9060-5F27-B26C44641BC6}.Release|Any CPU.ActiveCfg = Release|Any CPU
		{31A2B6D9-4156-9060-5F27-B26C44641BC6}.Release|Any CPU.Build.0 = Release|Any CPU
		{D5980C95-D0A3-A48F-D067-539591E42A0C}.Debug|Any CPU.ActiveCfg = Debug|Any CPU
		{D5980C95-D0A3-A48F-D067-539591E42A0C}.Debug|Any CPU.Build.0 = Debug|Any CPU
		{D5980C95-D0A3-A48F-D067-539591E42A0C}.Release|Any CPU.ActiveCfg = Release|Any CPU
		{D5980C95-D0A3-A48F-D067-539591E42A0C}.Release|Any CPU.Build.0 = Release|Any CPU
		{7E1CF649-CDA7-F4CD-8FB5-8447AF760285}.Debug|Any CPU.ActiveCfg = Debug|Any CPU
		{7E1CF649-CDA7-F4CD-8FB5-8447AF760285}.Debug|Any CPU.Build.0 = Debug|Any CPU
		{7E1CF649-CDA7-F4CD-8FB5-8447AF760285}.Release|Any CPU.ActiveCfg = Release|Any CPU
		{7E1CF649-CDA7-F4CD-8FB5-8447AF760285}.Release|Any CPU.Build.0 = Release|Any CPU
		{3D79CFA8-D0A5-7B59-87B2-C00F2DD6AD45}.Debug|Any CPU.ActiveCfg = Debug|Any CPU
		{3D79CFA8-D0A5-7B59-87B2-C00F2DD6AD45}.Debug|Any CPU.Build.0 = Debug|Any CPU
		{3D79CFA8-D0A5-7B59-87B2-C00F2DD6AD45}.Release|Any CPU.ActiveCfg = Release|Any CPU
		{3D79CFA8-D0A5-7B59-87B2-C00F2DD6AD45}.Release|Any CPU.Build.0 = Release|Any CPU
		{D72DFACC-7E6A-BEDA-12C8-8FDCB42E2E48}.Debug|Any CPU.ActiveCfg = Debug|Any CPU
		{D72DFACC-7E6A-BEDA-12C8-8FDCB42E2E48}.Debug|Any CPU.Build.0 = Debug|Any CPU
		{D72DFACC-7E6A-BEDA-12C8-8FDCB42E2E48}.Release|Any CPU.ActiveCfg = Release|Any CPU
		{D72DFACC-7E6A-BEDA-12C8-8FDCB42E2E48}.Release|Any CPU.Build.0 = Release|Any CPU
		{5D44D6B7-AFE8-7DF3-72AF-78349797D90E}.Debug|Any CPU.ActiveCfg = Debug|Any CPU
		{5D44D6B7-AFE8-7DF3-72AF-78349797D90E}.Debug|Any CPU.Build.0 = Debug|Any CPU
		{5D44D6B7-AFE8-7DF3-72AF-78349797D90E}.Release|Any CPU.ActiveCfg = Release|Any CPU
		{5D44D6B7-AFE8-7DF3-72AF-78349797D90E}.Release|Any CPU.Build.0 = Release|Any CPU
		{BBC8D6C7-73FC-AC32-A602-9D33C6E71A8B}.Debug|Any CPU.ActiveCfg = Debug|Any CPU
		{BBC8D6C7-73FC-AC32-A602-9D33C6E71A8B}.Debug|Any CPU.Build.0 = Debug|Any CPU
		{BBC8D6C7-73FC-AC32-A602-9D33C6E71A8B}.Release|Any CPU.ActiveCfg = Release|Any CPU
		{BBC8D6C7-73FC-AC32-A602-9D33C6E71A8B}.Release|Any CPU.Build.0 = Release|Any CPU
		{BA68A3A1-D2C0-A641-7DEF-BE4A53C2AEEC}.Debug|Any CPU.ActiveCfg = Debug|Any CPU
		{BA68A3A1-D2C0-A641-7DEF-BE4A53C2AEEC}.Debug|Any CPU.Build.0 = Debug|Any CPU
		{BA68A3A1-D2C0-A641-7DEF-BE4A53C2AEEC}.Release|Any CPU.ActiveCfg = Release|Any CPU
		{BA68A3A1-D2C0-A641-7DEF-BE4A53C2AEEC}.Release|Any CPU.Build.0 = Release|Any CPU
		{50953E24-8BCB-B232-A9A4-7B3795EAEB4E}.Debug|Any CPU.ActiveCfg = Debug|Any CPU
		{50953E24-8BCB-B232-A9A4-7B3795EAEB4E}.Debug|Any CPU.Build.0 = Debug|Any CPU
		{50953E24-8BCB-B232-A9A4-7B3795EAEB4E}.Release|Any CPU.ActiveCfg = Release|Any CPU
		{50953E24-8BCB-B232-A9A4-7B3795EAEB4E}.Release|Any CPU.Build.0 = Release|Any CPU
		{67ABA5AA-09D1-05D3-1E51-C8D1A7A5BD72}.Debug|Any CPU.ActiveCfg = Debug|Any CPU
		{67ABA5AA-09D1-05D3-1E51-C8D1A7A5BD72}.Debug|Any CPU.Build.0 = Debug|Any CPU
		{67ABA5AA-09D1-05D3-1E51-C8D1A7A5BD72}.Release|Any CPU.ActiveCfg = Release|Any CPU
		{67ABA5AA-09D1-05D3-1E51-C8D1A7A5BD72}.Release|Any CPU.Build.0 = Release|Any CPU
		{CD9AF10A-F6BD-D076-AC8E-26A739EEA7FC}.Debug|Any CPU.ActiveCfg = Debug|Any CPU
		{CD9AF10A-F6BD-D076-AC8E-26A739EEA7FC}.Debug|Any CPU.Build.0 = Debug|Any CPU
		{CD9AF10A-F6BD-D076-AC8E-26A739EEA7FC}.Release|Any CPU.ActiveCfg = Release|Any CPU
		{CD9AF10A-F6BD-D076-AC8E-26A739EEA7FC}.Release|Any CPU.Build.0 = Release|Any CPU
		{3A76A8DF-98FC-1160-3587-75782DE9F606}.Debug|Any CPU.ActiveCfg = Debug|Any CPU
		{3A76A8DF-98FC-1160-3587-75782DE9F606}.Debug|Any CPU.Build.0 = Debug|Any CPU
		{3A76A8DF-98FC-1160-3587-75782DE9F606}.Release|Any CPU.ActiveCfg = Release|Any CPU
		{3A76A8DF-98FC-1160-3587-75782DE9F606}.Release|Any CPU.Build.0 = Release|Any CPU
		{7B9D1343-B95A-0CFF-A438-25A652C95667}.Debug|Any CPU.ActiveCfg = Debug|Any CPU
		{7B9D1343-B95A-0CFF-A438-25A652C95667}.Debug|Any CPU.Build.0 = Debug|Any CPU
		{7B9D1343-B95A-0CFF-A438-25A652C95667}.Release|Any CPU.ActiveCfg = Release|Any CPU
		{7B9D1343-B95A-0CFF-A438-25A652C95667}.Release|Any CPU.Build.0 = Release|Any CPU
		{5FAEC242-4707-8329-E71B-EB80F2B0D534}.Debug|Any CPU.ActiveCfg = Debug|Any CPU
		{5FAEC242-4707-8329-E71B-EB80F2B0D534}.Debug|Any CPU.Build.0 = Debug|Any CPU
		{5FAEC242-4707-8329-E71B-EB80F2B0D534}.Release|Any CPU.ActiveCfg = Release|Any CPU
		{5FAEC242-4707-8329-E71B-EB80F2B0D534}.Release|Any CPU.Build.0 = Release|Any CPU
		{C2865526-22F0-0450-9235-5D50426DC94C}.Debug|Any CPU.ActiveCfg = Debug|Any CPU
		{C2865526-22F0-0450-9235-5D50426DC94C}.Debug|Any CPU.Build.0 = Debug|Any CPU
		{C2865526-22F0-0450-9235-5D50426DC94C}.Release|Any CPU.ActiveCfg = Release|Any CPU
		{C2865526-22F0-0450-9235-5D50426DC94C}.Release|Any CPU.Build.0 = Release|Any CPU
		{B5FA3BEA-75F5-2AE4-392B-E51A99522407}.Debug|Any CPU.ActiveCfg = Debug|Any CPU
		{B5FA3BEA-75F5-2AE4-392B-E51A99522407}.Debug|Any CPU.Build.0 = Debug|Any CPU
		{B5FA3BEA-75F5-2AE4-392B-E51A99522407}.Release|Any CPU.ActiveCfg = Release|Any CPU
		{B5FA3BEA-75F5-2AE4-392B-E51A99522407}.Release|Any CPU.Build.0 = Release|Any CPU
		{B00EEEFE-2089-1814-FE72-A38138BED89D}.Debug|Any CPU.ActiveCfg = Debug|Any CPU
		{B00EEEFE-2089-1814-FE72-A38138BED89D}.Debug|Any CPU.Build.0 = Debug|Any CPU
		{B00EEEFE-2089-1814-FE72-A38138BED89D}.Release|Any CPU.ActiveCfg = Release|Any CPU
		{B00EEEFE-2089-1814-FE72-A38138BED89D}.Release|Any CPU.Build.0 = Release|Any CPU
		{101E18BD-4120-EF83-45CC-B9903E91E313}.Debug|Any CPU.ActiveCfg = Debug|Any CPU
		{101E18BD-4120-EF83-45CC-B9903E91E313}.Debug|Any CPU.Build.0 = Debug|Any CPU
		{101E18BD-4120-EF83-45CC-B9903E91E313}.Release|Any CPU.ActiveCfg = Release|Any CPU
		{101E18BD-4120-EF83-45CC-B9903E91E313}.Release|Any CPU.Build.0 = Release|Any CPU
		{435F8721-5826-5EFE-669F-E96ABA1CF36F}.Debug|Any CPU.ActiveCfg = Debug|Any CPU
		{435F8721-5826-5EFE-669F-E96ABA1CF36F}.Debug|Any CPU.Build.0 = Debug|Any CPU
		{435F8721-5826-5EFE-669F-E96ABA1CF36F}.Release|Any CPU.ActiveCfg = Release|Any CPU
		{435F8721-5826-5EFE-669F-E96ABA1CF36F}.Release|Any CPU.Build.0 = Release|Any CPU
		{5C208F84-0A78-A916-22DE-29E4E4A3C97D}.Debug|Any CPU.ActiveCfg = Debug|Any CPU
		{5C208F84-0A78-A916-22DE-29E4E4A3C97D}.Debug|Any CPU.Build.0 = Debug|Any CPU
		{5C208F84-0A78-A916-22DE-29E4E4A3C97D}.Release|Any CPU.ActiveCfg = Release|Any CPU
		{5C208F84-0A78-A916-22DE-29E4E4A3C97D}.Release|Any CPU.Build.0 = Release|Any CPU
		{6BAF2B71-78D1-8B17-01AD-0D303C96D32A}.Debug|Any CPU.ActiveCfg = Debug|Any CPU
		{6BAF2B71-78D1-8B17-01AD-0D303C96D32A}.Debug|Any CPU.Build.0 = Debug|Any CPU
		{6BAF2B71-78D1-8B17-01AD-0D303C96D32A}.Release|Any CPU.ActiveCfg = Release|Any CPU
		{6BAF2B71-78D1-8B17-01AD-0D303C96D32A}.Release|Any CPU.Build.0 = Release|Any CPU
		{B6BB1137-2D4B-C387-2C4B-7EFB64BE5C34}.Debug|Any CPU.ActiveCfg = Debug|Any CPU
		{B6BB1137-2D4B-C387-2C4B-7EFB64BE5C34}.Debug|Any CPU.Build.0 = Debug|Any CPU
		{B6BB1137-2D4B-C387-2C4B-7EFB64BE5C34}.Release|Any CPU.ActiveCfg = Release|Any CPU
		{B6BB1137-2D4B-C387-2C4B-7EFB64BE5C34}.Release|Any CPU.Build.0 = Release|Any CPU
		{64B645B5-BE74-C3BD-1270-2F73E2E65861}.Debug|Any CPU.ActiveCfg = Debug|Any CPU
		{64B645B5-BE74-C3BD-1270-2F73E2E65861}.Debug|Any CPU.Build.0 = Debug|Any CPU
		{64B645B5-BE74-C3BD-1270-2F73E2E65861}.Release|Any CPU.ActiveCfg = Release|Any CPU
		{64B645B5-BE74-C3BD-1270-2F73E2E65861}.Release|Any CPU.Build.0 = Release|Any CPU
		{112C2DA7-56FB-BED0-1281-4015815672CC}.Debug|Any CPU.ActiveCfg = Debug|Any CPU
		{112C2DA7-56FB-BED0-1281-4015815672CC}.Debug|Any CPU.Build.0 = Debug|Any CPU
		{112C2DA7-56FB-BED0-1281-4015815672CC}.Release|Any CPU.ActiveCfg = Release|Any CPU
		{112C2DA7-56FB-BED0-1281-4015815672CC}.Release|Any CPU.Build.0 = Release|Any CPU
		{4B4DB6A3-1DEF-41C0-86E7-3431B6AE10C9}.Debug|Any CPU.ActiveCfg = Debug|Any CPU
		{4B4DB6A3-1DEF-41C0-86E7-3431B6AE10C9}.Debug|Any CPU.Build.0 = Debug|Any CPU
		{4B4DB6A3-1DEF-41C0-86E7-3431B6AE10C9}.Release|Any CPU.ActiveCfg = Release|Any CPU
		{4B4DB6A3-1DEF-41C0-86E7-3431B6AE10C9}.Release|Any CPU.Build.0 = Release|Any CPU
		{A6EB7C8D-D1E7-EF91-C8C8-2D9AE0DC08D9}.Debug|Any CPU.ActiveCfg = Debug|Any CPU
		{A6EB7C8D-D1E7-EF91-C8C8-2D9AE0DC08D9}.Debug|Any CPU.Build.0 = Debug|Any CPU
		{A6EB7C8D-D1E7-EF91-C8C8-2D9AE0DC08D9}.Release|Any CPU.ActiveCfg = Release|Any CPU
		{A6EB7C8D-D1E7-EF91-C8C8-2D9AE0DC08D9}.Release|Any CPU.Build.0 = Release|Any CPU
		{F0384F1C-BF6C-D578-D0B4-A0AEB276D60F}.Debug|Any CPU.ActiveCfg = Debug|Any CPU
		{F0384F1C-BF6C-D578-D0B4-A0AEB276D60F}.Debug|Any CPU.Build.0 = Debug|Any CPU
		{F0384F1C-BF6C-D578-D0B4-A0AEB276D60F}.Release|Any CPU.ActiveCfg = Release|Any CPU
		{F0384F1C-BF6C-D578-D0B4-A0AEB276D60F}.Release|Any CPU.Build.0 = Release|Any CPU
		{F0D9617C-2E6F-4B5E-AB9F-66D6424A3B33}.Debug|Any CPU.ActiveCfg = Debug|Any CPU
		{F0D9617C-2E6F-4B5E-AB9F-66D6424A3B33}.Debug|Any CPU.Build.0 = Debug|Any CPU
		{F0D9617C-2E6F-4B5E-AB9F-66D6424A3B33}.Release|Any CPU.ActiveCfg = Release|Any CPU
		{F0D9617C-2E6F-4B5E-AB9F-66D6424A3B33}.Release|Any CPU.Build.0 = Release|Any CPU
		{FC47E981-C314-1099-BBB3-1B4B05B86C9A}.Debug|Any CPU.ActiveCfg = Debug|Any CPU
		{FC47E981-C314-1099-BBB3-1B4B05B86C9A}.Debug|Any CPU.Build.0 = Debug|Any CPU
		{FC47E981-C314-1099-BBB3-1B4B05B86C9A}.Release|Any CPU.ActiveCfg = Release|Any CPU
		{FC47E981-C314-1099-BBB3-1B4B05B86C9A}.Release|Any CPU.Build.0 = Release|Any CPU
		{0D9568F6-2BDA-BD09-9018-FCDE298450D1}.Debug|Any CPU.ActiveCfg = Debug|Any CPU
		{0D9568F6-2BDA-BD09-9018-FCDE298450D1}.Debug|Any CPU.Build.0 = Debug|Any CPU
		{0D9568F6-2BDA-BD09-9018-FCDE298450D1}.Release|Any CPU.ActiveCfg = Release|Any CPU
		{0D9568F6-2BDA-BD09-9018-FCDE298450D1}.Release|Any CPU.Build.0 = Release|Any CPU
		{DEA205A8-00FB-A8E9-7A95-68BF31F6C99B}.Debug|Any CPU.ActiveCfg = Debug|Any CPU
		{DEA205A8-00FB-A8E9-7A95-68BF31F6C99B}.Debug|Any CPU.Build.0 = Debug|Any CPU
		{DEA205A8-00FB-A8E9-7A95-68BF31F6C99B}.Release|Any CPU.ActiveCfg = Release|Any CPU
		{DEA205A8-00FB-A8E9-7A95-68BF31F6C99B}.Release|Any CPU.Build.0 = Release|Any CPU
		{E1C879C8-9D32-65E7-75A3-6F105097688C}.Debug|Any CPU.ActiveCfg = Debug|Any CPU
		{E1C879C8-9D32-65E7-75A3-6F105097688C}.Debug|Any CPU.Build.0 = Debug|Any CPU
		{E1C879C8-9D32-65E7-75A3-6F105097688C}.Release|Any CPU.ActiveCfg = Release|Any CPU
		{E1C879C8-9D32-65E7-75A3-6F105097688C}.Release|Any CPU.Build.0 = Release|Any CPU
		{9681630D-FD98-3C06-BE7A-7FE6B0D1B93C}.Debug|Any CPU.ActiveCfg = Debug|Any CPU
		{9681630D-FD98-3C06-BE7A-7FE6B0D1B93C}.Debug|Any CPU.Build.0 = Debug|Any CPU
		{9681630D-FD98-3C06-BE7A-7FE6B0D1B93C}.Release|Any CPU.ActiveCfg = Release|Any CPU
		{9681630D-FD98-3C06-BE7A-7FE6B0D1B93C}.Release|Any CPU.Build.0 = Release|Any CPU
		{37033DF8-E0CD-7D5E-1878-D8AC7D206F98}.Debug|Any CPU.ActiveCfg = Debug|Any CPU
		{37033DF8-E0CD-7D5E-1878-D8AC7D206F98}.Debug|Any CPU.Build.0 = Debug|Any CPU
		{37033DF8-E0CD-7D5E-1878-D8AC7D206F98}.Release|Any CPU.ActiveCfg = Release|Any CPU
		{37033DF8-E0CD-7D5E-1878-D8AC7D206F98}.Release|Any CPU.Build.0 = Release|Any CPU
		{120DC76F-36C2-3EBA-9178-71225DF55A2F}.Debug|Any CPU.ActiveCfg = Debug|Any CPU
		{120DC76F-36C2-3EBA-9178-71225DF55A2F}.Debug|Any CPU.Build.0 = Debug|Any CPU
		{120DC76F-36C2-3EBA-9178-71225DF55A2F}.Release|Any CPU.ActiveCfg = Release|Any CPU
		{120DC76F-36C2-3EBA-9178-71225DF55A2F}.Release|Any CPU.Build.0 = Release|Any CPU
		{28D355AE-A4AA-FE2F-C8E2-94964CCBB09C}.Debug|Any CPU.ActiveCfg = Debug|Any CPU
		{28D355AE-A4AA-FE2F-C8E2-94964CCBB09C}.Debug|Any CPU.Build.0 = Debug|Any CPU
		{28D355AE-A4AA-FE2F-C8E2-94964CCBB09C}.Release|Any CPU.ActiveCfg = Release|Any CPU
		{28D355AE-A4AA-FE2F-C8E2-94964CCBB09C}.Release|Any CPU.Build.0 = Release|Any CPU
		{00A3D795-409F-59B4-0C3A-662899E2A38E}.Debug|Any CPU.ActiveCfg = Debug|Any CPU
		{00A3D795-409F-59B4-0C3A-662899E2A38E}.Debug|Any CPU.Build.0 = Debug|Any CPU
		{00A3D795-409F-59B4-0C3A-662899E2A38E}.Release|Any CPU.ActiveCfg = Release|Any CPU
		{00A3D795-409F-59B4-0C3A-662899E2A38E}.Release|Any CPU.Build.0 = Release|Any CPU
	EndGlobalSection
	GlobalSection(SolutionProperties) = preSolution
		HideSolutionNode = FALSE
	EndGlobalSection
EndGlobal
